
Microsoft Visual Studio Solution File, Format Version 12.00
# Visual Studio Version 17
VisualStudioVersion = 17.3.32922.545
MinimumVisualStudioVersion = 10.0.40219.1
Project("{FAE04EC0-301F-11D3-BF4B-00C04F79EFBC}") = "AnalisaPalavraAPI", "AnalisaPalavraAPI\AnalisaPalavraAPI.csproj", "{B6FBE098-508C-41ED-945A-A250053EF083}"
EndProject
Global
	GlobalSection(SolutionConfigurationPlatforms) = preSolution
		Debug|Any CPU = Debug|Any CPU
		Release|Any CPU = Release|Any CPU
	EndGlobalSection
	GlobalSection(ProjectConfigurationPlatforms) = postSolution
		{B6FBE098-508C-41ED-945A-A250053EF083}.Debug|Any CPU.ActiveCfg = Debug|Any CPU
		{B6FBE098-508C-41ED-945A-A250053EF083}.Debug|Any CPU.Build.0 = Debug|Any CPU
		{B6FBE098-508C-41ED-945A-A250053EF083}.Release|Any CPU.ActiveCfg = Release|Any CPU
		{B6FBE098-508C-41ED-945A-A250053EF083}.Release|Any CPU.Build.0 = Release|Any CPU
	EndGlobalSection
	GlobalSection(SolutionProperties) = preSolution
		HideSolutionNode = FALSE
	EndGlobalSection
	GlobalSection(ExtensibilityGlobals) = postSolution
		SolutionGuid = {7179755E-B5C6-4B34-9B8B-9B2796726903}
	EndGlobalSection
EndGlobal
